
Microsoft Visual Studio Solution File, Format Version 12.00
# Visual Studio Version 16
VisualStudioVersion = 16.0.29102.190
MinimumVisualStudioVersion = 15.0.26124.0
Project("{9A19103F-16F7-4668-BE54-9A1E7A4F7556}") = "AzureFileShareExplorer", "src\AzureFileShareExplorer\AzureFileShareExplorer.csproj", "{7AABA3E6-38CB-4284-8DB5-A35D5254C195}"
EndProject
Project("{2150E333-8FDC-42A3-9474-1A3956D46DE8}") = "src", "src", "{E470AF8F-79BF-4A5F-9B6B-E87E3201C941}"
EndProject
Project("{2150E333-8FDC-42A3-9474-1A3956D46DE8}") = "Solution Items", "Solution Items", "{61BD1DB4-78D8-4AB3-9E7C-B5A9E4373387}"
	ProjectSection(SolutionItems) = preProject
		Dockerfile = Dockerfile
		README.md = README.md
	EndProjectSection
EndProject
Global
	GlobalSection(SolutionConfigurationPlatforms) = preSolution
		Debug|Any CPU = Debug|Any CPU
		Debug|x64 = Debug|x64
		Debug|x86 = Debug|x86
		Release|Any CPU = Release|Any CPU
		Release|x64 = Release|x64
		Release|x86 = Release|x86
	EndGlobalSection
	GlobalSection(ProjectConfigurationPlatforms) = postSolution
		{7AABA3E6-38CB-4284-8DB5-A35D5254C195}.Debug|Any CPU.ActiveCfg = Debug|Any CPU
		{7AABA3E6-38CB-4284-8DB5-A35D5254C195}.Debug|Any CPU.Build.0 = Debug|Any CPU
		{7AABA3E6-38CB-4284-8DB5-A35D5254C195}.Debug|x64.ActiveCfg = Debug|Any CPU
		{7AABA3E6-38CB-4284-8DB5-A35D5254C195}.Debug|x64.Build.0 = Debug|Any CPU
		{7AABA3E6-38CB-4284-8DB5-A35D5254C195}.Debug|x86.ActiveCfg = Debug|Any CPU
		{7AABA3E6-38CB-4284-8DB5-A35D5254C195}.Debug|x86.Build.0 = Debug|Any CPU
		{7AABA3E6-38CB-4284-8DB5-A35D5254C195}.Release|Any CPU.ActiveCfg = Release|Any CPU
		{7AABA3E6-38CB-4284-8DB5-A35D5254C195}.Release|Any CPU.Build.0 = Release|Any CPU
		{7AABA3E6-38CB-4284-8DB5-A35D5254C195}.Release|x64.ActiveCfg = Release|Any CPU
		{7AABA3E6-38CB-4284-8DB5-A35D5254C195}.Release|x64.Build.0 = Release|Any CPU
		{7AABA3E6-38CB-4284-8DB5-A35D5254C195}.Release|x86.ActiveCfg = Release|Any CPU
		{7AABA3E6-38CB-4284-8DB5-A35D5254C195}.Release|x86.Build.0 = Release|Any CPU
	EndGlobalSection
	GlobalSection(SolutionProperties) = preSolution
		HideSolutionNode = FALSE
	EndGlobalSection
	GlobalSection(NestedProjects) = preSolution
		{7AABA3E6-38CB-4284-8DB5-A35D5254C195} = {E470AF8F-79BF-4A5F-9B6B-E87E3201C941}
	EndGlobalSection
	GlobalSection(ExtensibilityGlobals) = postSolution
		SolutionGuid = {D95AAB31-0D1D-4120-997B-A9C644207244}
	EndGlobalSection
EndGlobal
